
Microsoft Visual Studio Solution File, Format Version 12.00
Project("{FAE04EC0-301F-11D3-BF4B-00C04F79EFBC}") = "RealTimeApp", "RealTimeApp\RealTimeApp.csproj", "{2B3227FE-A90E-414D-9DD7-FC50B409B7C8}"
EndProject
Project("{FAE04EC0-301F-11D3-BF4B-00C04F79EFBC}") = "RealTimeApp.Tests", "RealTimeApp.Tests\RealTimeApp.Tests.csproj", "{C35B4C0E-1FF4-4C9D-B65D-19F97AAB215E}"
EndProject
Global
	GlobalSection(SolutionConfigurationPlatforms) = preSolution
		Debug|Any CPU = Debug|Any CPU
		Release|Any CPU = Release|Any CPU
	EndGlobalSection
	GlobalSection(ProjectConfigurationPlatforms) = postSolution
		{2B3227FE-A90E-414D-9DD7-FC50B409B7C8}.Debug|Any CPU.ActiveCfg = Debug|Any CPU
		{2B3227FE-A90E-414D-9DD7-FC50B409B7C8}.Debug|Any CPU.Build.0 = Debug|Any CPU
		{2B3227FE-A90E-414D-9DD7-FC50B409B7C8}.Release|Any CPU.ActiveCfg = Release|Any CPU
		{2B3227FE-A90E-414D-9DD7-FC50B409B7C8}.Release|Any CPU.Build.0 = Release|Any CPU
		{C35B4C0E-1FF4-4C9D-B65D-19F97AAB215E}.Debug|Any CPU.ActiveCfg = Debug|Any CPU
		{C35B4C0E-1FF4-4C9D-B65D-19F97AAB215E}.Debug|Any CPU.Build.0 = Debug|Any CPU
		{C35B4C0E-1FF4-4C9D-B65D-19F97AAB215E}.Release|Any CPU.ActiveCfg = Release|Any CPU
		{C35B4C0E-1FF4-4C9D-B65D-19F97AAB215E}.Release|Any CPU.Build.0 = Release|Any CPU
	EndGlobalSection
EndGlobal
